// !$*UTF8*$!
{
	archiveVersion = 1;
	classes = {
	};
	objectVersion = 46;
	objects = {

/* Begin PBXBuildFile section */
		FFA1B6271F42D96800A66541 /* AppDelegate.swift in Sources */ = {isa = PBXBuildFile; fileRef = FFA1B6261F42D96800A66541 /* AppDelegate.swift */; };
		FFA1B6291F42D96800A66541 /* ViewController.swift in Sources */ = {isa = PBXBuildFile; fileRef = FFA1B6281F42D96800A66541 /* ViewController.swift */; };
		FFA1B62C1F42D96800A66541 /* Main.storyboard in Resources */ = {isa = PBXBuildFile; fileRef = FFA1B62A1F42D96800A66541 /* Main.storyboard */; };
		FFA1B62E1F42D96800A66541 /* Assets.xcassets in Resources */ = {isa = PBXBuildFile; fileRef = FFA1B62D1F42D96800A66541 /* Assets.xcassets */; };
		FFA1B6311F42D96800A66541 /* LaunchScreen.storyboard in Resources */ = {isa = PBXBuildFile; fileRef = FFA1B62F1F42D96800A66541 /* LaunchScreen.storyboard */; };
		FFA1B6391F42DAE600A66541 /* Quotes.swift in Sources */ = {isa = PBXBuildFile; fileRef = FFA1B6381F42DAE600A66541 /* Quotes.swift */; };
		FFA1B63B1F42E40000A66541 /* QuoteViewController.swift in Sources */ = {isa = PBXBuildFile; fileRef = FFA1B63A1F42E40000A66541 /* QuoteViewController.swift */; };
/* End PBXBuildFile section */

/* Begin PBXFileReference section */
		FFA1B6231F42D96800A66541 /* QuotesApp.app */ = {isa = PBXFileReference; explicitFileType = wrapper.application; includeInIndex = 0; path = QuotesApp.app; sourceTree = BUILT_PRODUCTS_DIR; };
		FFA1B6261F42D96800A66541 /* AppDelegate.swift */ = {isa = PBXFileReference; lastKnownFileType = sourcecode.swift; path = AppDelegate.swift; sourceTree = "<group>"; };
		FFA1B6281F42D96800A66541 /* ViewController.swift */ = {isa = PBXFileReference; lastKnownFileType = sourcecode.swift; path = ViewController.swift; sourceTree = "<group>"; };
		FFA1B62B1F42D96800A66541 /* Base */ = {isa = PBXFileReference; lastKnownFileType = file.storyboard; name = Base; path = Base.lproj/Main.storyboard; sourceTree = "<group>"; };
		FFA1B62D1F42D96800A66541 /* Assets.xcassets */ = {isa = PBXFileReference; lastKnownFileType = folder.assetcatalog; path = Assets.xcassets; sourceTree = "<group>"; };
		FFA1B6301F42D96800A66541 /* Base */ = {isa = PBXFileReference; lastKnownFileType = file.storyboard; name = Base; path = Base.lproj/LaunchScreen.storyboard; sourceTree = "<group>"; };
		FFA1B6321F42D96800A66541 /* Info.plist */ = {isa = PBXFileReference; lastKnownFileType = text.plist.xml; path = Info.plist; sourceTree = "<group>"; };
		FFA1B6381F42DAE600A66541 /* Quotes.swift */ = {isa = PBXFileReference; fileEncoding = 4; lastKnownFileType = sourcecode.swift; path = Quotes.swift; sourceTree = "<group>"; };
		FFA1B63A1F42E40000A66541 /* QuoteViewController.swift */ = {isa = PBXFileReference; fileEncoding = 4; lastKnownFileType = sourcecode.swift; path = QuoteViewController.swift; sourceTree = "<group>"; };
/* End PBXFileReference section */

/* Begin PBXFrameworksBuildPhase section */
		FFA1B6201F42D96800A66541 /* Frameworks */ = {
			isa = PBXFrameworksBuildPhase;
			buildActionMask = 2147483647;
			files = (
			);
			runOnlyForDeploymentPostprocessing = 0;
		};
/* End PBXFrameworksBuildPhase section */

/* Begin PBXGroup section */
		FFA1B61A1F42D96800A66541 = {
			isa = PBXGroup;
			children = (
				FFA1B6251F42D96800A66541 /* QuotesApp */,
				FFA1B6241F42D96800A66541 /* Products */,
			);
			sourceTree = "<group>";
		};
		FFA1B6241F42D96800A66541 /* Products */ = {
			isa = PBXGroup;
			children = (
				FFA1B6231F42D96800A66541 /* QuotesApp.app */,
			);
			name = Products;
			sourceTree = "<group>";
		};
		FFA1B6251F42D96800A66541 /* QuotesApp */ = {
			isa = PBXGroup;
			children = (
				FFA1B6261F42D96800A66541 /* AppDelegate.swift */,
				FFA1B6281F42D96800A66541 /* ViewController.swift */,
				FFA1B62A1F42D96800A66541 /* Main.storyboard */,
				FFA1B62D1F42D96800A66541 /* Assets.xcassets */,
				FFA1B62F1F42D96800A66541 /* LaunchScreen.storyboard */,
				FFA1B6321F42D96800A66541 /* Info.plist */,
				FFA1B6381F42DAE600A66541 /* Quotes.swift */,
				FFA1B63A1F42E40000A66541 /* QuoteViewController.swift */,
			);
			path = QuotesApp;
			sourceTree = "<group>";
		};
/* End PBXGroup section */

/* Begin PBXNativeTarget section */
		FFA1B6221F42D96800A66541 /* QuotesApp */ = {
			isa = PBXNativeTarget;
			buildConfigurationList = FFA1B6351F42D96800A66541 /* Build configuration list for PBXNativeTarget "QuotesApp" */;
			buildPhases = (
				FFA1B61F1F42D96800A66541 /* Sources */,
				FFA1B6201F42D96800A66541 /* Frameworks */,
				FFA1B6211F42D96800A66541 /* Resources */,
			);
			buildRules = (
			);
			dependencies = (
			);
			name = QuotesApp;
			productName = QuotesApp;
			productReference = FFA1B6231F42D96800A66541 /* QuotesApp.app */;
			productType = "com.apple.product-type.application";
		};
/* End PBXNativeTarget section */

/* Begin PBXProject section */
		FFA1B61B1F42D96800A66541 /* Project object */ = {
			isa = PBXProject;
			attributes = {
				LastSwiftUpdateCheck = 0830;
				LastUpgradeCheck = 0830;
				ORGANIZATIONNAME = devfha;
				TargetAttributes = {
					FFA1B6221F42D96800A66541 = {
						CreatedOnToolsVersion = 8.3.3;
						DevelopmentTeam = JMSH8YNXCW;
						ProvisioningStyle = Automatic;
					};
				};
			};
			buildConfigurationList = FFA1B61E1F42D96800A66541 /* Build configuration list for PBXProject "QuotesApp" */;
			compatibilityVersion = "Xcode 3.2";
			developmentRegion = English;
			hasScannedForEncodings = 0;
			knownRegions = (
				en,
				Base,
			);
			mainGroup = FFA1B61A1F42D96800A66541;
			productRefGroup = FFA1B6241F42D96800A66541 /* Products */;
			projectDirPath = "";
			projectRoot = "";
			targets = (
				FFA1B6221F42D96800A66541 /* QuotesApp */,
			);
		};
/* End PBXProject section */

/* Begin PBXResourcesBuildPhase section */
		FFA1B6211F42D96800A66541 /* Resources */ = {
			isa = PBXResourcesBuildPhase;
			buildActionMask = 2147483647;
			files = (
				FFA1B6311F42D96800A66541 /* LaunchScreen.storyboard in Resources */,
				FFA1B62E1F42D96800A66541 /* Assets.xcassets in Resources */,
				FFA1B62C1F42D96800A66541 /* Main.storyboard in Resources */,
			);
			runOnlyForDeploymentPostprocessing = 0;
		};
/* End PBXResourcesBuildPhase section */

/* Begin PBXSourcesBuildPhase section */
		FFA1B61F1F42D96800A66541 /* Sources */ = {
			isa = PBXSourcesBuildPhase;
			buildActionMask = 2147483647;
			files = (
				FFA1B6291F42D96800A66541 /* ViewController.swift in Sources */,
				FFA1B63B1F42E40000A66541 /* QuoteViewController.swift in Sources */,
				FFA1B6271F42D96800A66541 /* AppDelegate.swift in Sources */,
				FFA1B6391F42DAE600A66541 /* Quotes.swift in Sources */,
			);
			runOnlyForDeploymentPostprocessing = 0;
		};
/* End PBXSourcesBuildPhase section */

/* Begin PBXVariantGroup section */
		FFA1B62A1F42D96800A66541 /* Main.storyboard */ = {
			isa = PBXVariantGroup;
			children = (
				FFA1B62B1F42D96800A66541 /* Base */,
			);
			name = Main.storyboard;
			sourceTree = "<group>";
		};
		FFA1B62F1F42D96800A66541 /* LaunchScreen.storyboard */ = {
			isa = PBXVariantGroup;
			children = (
				FFA1B6301F42D96800A66541 /* Base */,
			);
			name = LaunchScreen.storyboard;
			sourceTree = "<group>";
		};
/* End PBXVariantGroup section */

/* Begin XCBuildConfiguration section */
		FFA1B6331F42D96800A66541 /* Debug */ = {
			isa = XCBuildConfiguration;
			buildSettings = {
				ALWAYS_SEARCH_USER_PATHS = NO;
				CLANG_ANALYZER_NONNULL = YES;
				CLANG_ANALYZER_NUMBER_OBJECT_CONVERSION = YES_AGGRESSIVE;
				CLANG_CXX_LANGUAGE_STANDARD = "gnu++0x";
				CLANG_CXX_LIBRARY = "libc++";
				CLANG_ENABLE_MODULES = YES;
				CLANG_ENABLE_OBJC_ARC = YES;
				CLANG_WARN_BOOL_CONVERSION = YES;
				CLANG_WARN_CONSTANT_CONVERSION = YES;
				CLANG_WARN_DIRECT_OBJC_ISA_USAGE = YES_ERROR;
				CLANG_WARN_DOCUMENTATION_COMMENTS = YES;
				CLANG_WARN_EMPTY_BODY = YES;
				CLANG_WARN_ENUM_CONVERSION = YES;
				CLANG_WARN_INFINITE_RECURSION = YES;
				CLANG_WARN_INT_CONVERSION = YES;
				CLANG_WARN_OBJC_ROOT_CLASS = YES_ERROR;
				CLANG_WARN_SUSPICIOUS_MOVE = YES;
				CLANG_WARN_UNREACHABLE_CODE = YES;
				CLANG_WARN__DUPLICATE_METHOD_MATCH = YES;
				"CODE_SIGN_IDENTITY[sdk=iphoneos*]" = "iPhone Developer";
				COPY_PHASE_STRIP = NO;
				DEBUG_INFORMATION_FORMAT = dwarf;
				ENABLE_STRICT_OBJC_MSGSEND = YES;
				ENABLE_TESTABILITY = YES;
				GCC_C_LANGUAGE_STANDARD = gnu99;
				GCC_DYNAMIC_NO_PIC = NO;
				GCC_NO_COMMON_BLOCKS = YES;
				GCC_OPTIMIZATION_LEVEL = 0;
				GCC_PREPROCESSOR_DEFINITIONS = (
					"DEBUG=1",
					"$(inherited)",
				);
				GCC_WARN_64_TO_32_BIT_CONVERSION = YES;
				GCC_WARN_ABOUT_RETURN_TYPE = YES_ERROR;
				GCC_WARN_UNDECLARED_SELECTOR = YES;
				GCC_WARN_UNINITIALIZED_AUTOS = YES_AGGRESSIVE;
				GCC_WARN_UNUSED_FUNCTION = YES;
				GCC_WARN_UNUSED_VARIABLE = YES;
				IPHONEOS_DEPLOYMENT_TARGET = 10.3;
				MTL_ENABLE_DEBUG_INFO = YES;
				ONLY_ACTIVE_ARCH = YES;
				SDKROOT = iphoneos;
				SWIFT_ACTIVE_COMPILATION_CONDITIONS = DEBUG;
				SWIFT_OPTIMIZATION_LEVEL = "-Onone";
				TARGETED_DEVICE_FAMILY = "1,2";
			};
			name = Debug;
		};
		FFA1B6341F42D96800A66541 /* Release */ = {
			isa = XCBuildConfiguration;
			buildSettings = {
				ALWAYS_SEARCH_USER_PATHS = NO;
				CLANG_ANALYZER_NONNULL = YES;
				CLANG_ANALYZER_NUMBER_OBJECT_CONVERSION = YES_AGGRESSIVE;
				CLANG_CXX_LANGUAGE_STANDARD = "gnu++0x";
				CLANG_CXX_LIBRARY = "libc++";
				CLANG_ENABLE_MODULES = YES;
				CLANG_ENABLE_OBJC_ARC = YES;
				CLANG_WARN_BOOL_CONVERSION = YES;
				CLANG_WARN_CONSTANT_CONVERSION = YES;
				CLANG_WARN_DIRECT_OBJC_ISA_USAGE = YES_ERROR;
				CLANG_WARN_DOCUMENTATION_COMMENTS = YES;
				CLANG_WARN_EMPTY_BODY = YES;
				CLANG_WARN_ENUM_CONVERSION = YES;
				CLANG_WARN_INFINITE_RECURSION = YES;
				CLANG_WARN_INT_CONVERSION = YES;
				CLANG_WARN_OBJC_ROOT_CLASS = YES_ERROR;
				CLANG_WARN_SUSPICIOUS_MOVE = YES;
				CLANG_WARN_UNREACHABLE_CODE = YES;
				CLANG_WARN__DUPLICATE_METHOD_MATCH = YES;
				"CODE_SIGN_IDENTITY[sdk=iphoneos*]" = "iPhone Developer";
				COPY_PHASE_STRIP = NO;
				DEBUG_INFORMATION_FORMAT = "dwarf-with-dsym";
				ENABLE_NS_ASSERTIONS = NO;
				ENABLE_STRICT_OBJC_MSGSEND = YES;
				GCC_C_LANGUAGE_STANDARD = gnu99;
				GCC_NO_COMMON_BLOCKS = YES;
				GCC_WARN_64_TO_32_BIT_CONVERSION = YES;
				GCC_WARN_ABOUT_RETURN_TYPE = YES_ERROR;
				GCC_WARN_UNDECLARED_SELECTOR = YES;
				GCC_WARN_UNINITIALIZED_AUTOS = YES_AGGRESSIVE;
				GCC_WARN_UNUSED_FUNCTION = YES;
				GCC_WARN_UNUSED_VARIABLE = YES;
				IPHONEOS_DEPLOYMENT_TARGET = 10.3;
				MTL_ENABLE_DEBUG_INFO = NO;
				SDKROOT = iphoneos;
				SWIFT_OPTIMIZATION_LEVEL = "-Owholemodule";
				TARGETED_DEVICE_FAMILY = "1,2";
				VALIDATE_PRODUCT = YES;
			};
			name = Release;
		};
		FFA1B6361F42D96800A66541 /* Debug */ = {
			isa = XCBuildConfiguration;
			buildSettings = {
				ASSETCATALOG_COMPILER_APPICON_NAME = AppIcon;
				DEVELOPMENT_TEAM = JMSH8YNXCW;
				INFOPLIST_FILE = QuotesApp/Info.plist;
				LD_RUNPATH_SEARCH_PATHS = "$(inherited) @executable_path/Frameworks";
				PRODUCT_BUNDLE_IDENTIFIER = com.devfha.QuotesApp;
				PRODUCT_NAME = "$(TARGET_NAME)";
				SWIFT_VERSION = 3.0;
			};
			name = Debug;
		};
		FFA1B6371F42D96800A66541 /* Release */ = {
			isa = XCBuildConfiguration;
			buildSettings = {
				ASSETCATALOG_COMPILER_APPICON_NAME = AppIcon;
				DEVELOPMENT_TEAM = JMSH8YNXCW;
				INFOPLIST_FILE = QuotesApp/Info.plist;
				LD_RUNPATH_SEARCH_PATHS = "$(inherited) @executable_path/Frameworks";
				PRODUCT_BUNDLE_IDENTIFIER = com.devfha.QuotesApp;
				PRODUCT_NAME = "$(TARGET_NAME)";
				SWIFT_VERSION = 3.0;
			};
			name = Release;
		};
/* End XCBuildConfiguration section */

/* Begin XCConfigurationList section */
		FFA1B61E1F42D96800A66541 /* Build configuration list for PBXProject "QuotesApp" */ = {
			isa = XCConfigurationList;
			buildConfigurations = (
				FFA1B6331F42D96800A66541 /* Debug */,
				FFA1B6341F42D96800A66541 /* Release */,
			);
			defaultConfigurationIsVisible = 0;
			defaultConfigurationName = Release;
		};
		FFA1B6351F42D96800A66541 /* Build configuration list for PBXNativeTarget "QuotesApp" */ = {
			isa = XCConfigurationList;
			buildConfigurations = (
				FFA1B6361F42D96800A66541 /* Debug */,
				FFA1B6371F42D96800A66541 /* Release */,
			);
			defaultConfigurationIsVisible = 0;
		};
/* End XCConfigurationList section */
	};
	rootObject = FFA1B61B1F42D96800A66541 /* Project object */;
}
